Microsoft Visual Studio Solution File, Format Version 12.00
# Visual Studio Version 17
VisualStudioVersion = 17.5.2.0
MinimumVisualStudioVersion = 10.0.40219.1
Project("{FAE04EC0-301F-11D3-BF4B-00C04F79EFBC}") = "texteditor", "texteditor.csproj", "{E7F71E28-41D9-2B74-B96F-85DBF42C4F5D}"
EndProject
Global
	GlobalSection(SolutionConfigurationPlatforms) = preSolution
		Debug|Any CPU = Debug|Any CPU
		Release|Any CPU = Release|Any CPU
	EndGlobalSection
	GlobalSection(ProjectConfigurationPlatforms) = postSolution
		{E7F71E28-41D9-2B74-B96F-85DBF42C4F5D}.Debug|Any CPU.ActiveCfg = Debug|Any CPU
		{E7F71E28-41D9-2B74-B96F-85DBF42C4F5D}.Debug|Any CPU.Build.0 = Debug|Any CPU
		{E7F71E28-41D9-2B74-B96F-85DBF42C4F5D}.Release|Any CPU.ActiveCfg = Release|Any CPU
		{E7F71E28-41D9-2B74-B96F-85DBF42C4F5D}.Release|Any CPU.Build.0 = Release|Any CPU
	EndGlobalSection
	GlobalSection(SolutionProperties) = preSolution
		HideSolutionNode = FALSE
	EndGlobalSection
	GlobalSection(ExtensibilityGlobals) = postSolution
		SolutionGuid = {18F1ACD7-0297-4D96-AAE8-90AFDCFA827E}
	EndGlobalSection
EndGlobal
